
Microsoft Visual Studio Solution File, Format Version 12.00
# Visual Studio 14
VisualStudioVersion = 14.0.24720.0
MinimumVisualStudioVersion = 10.0.40219.1
Project("{FAE04EC0-301F-11D3-BF4B-00C04F79EFBC}") = "MvcWebAppHC", "MvcWebAppHC\MvcWebAppHC.csproj", "{D220A7FE-75B3-4C7A-A791-91A130D79CF5}"
EndProject
Project("{FAE04EC0-301F-11D3-BF4B-00C04F79EFBC}") = "MvcWebAppHC.Tests", "MvcWebAppHC.Tests\MvcWebAppHC.Tests.csproj", "{54352729-4DBF-4A37-8EB7-34FE20630AC8}"
EndProject
Global
	GlobalSection(SolutionConfigurationPlatforms) = preSolution
		Debug|Any CPU = Debug|Any CPU
		Release|Any CPU = Release|Any CPU
	EndGlobalSection
	GlobalSection(ProjectConfigurationPlatforms) = postSolution
		{D220A7FE-75B3-4C7A-A791-91A130D79CF5}.Debug|Any CPU.ActiveCfg = Debug|Any CPU
		{D220A7FE-75B3-4C7A-A791-91A130D79CF5}.Debug|Any CPU.Build.0 = Debug|Any CPU
		{D220A7FE-75B3-4C7A-A791-91A130D79CF5}.Release|Any CPU.ActiveCfg = Release|Any CPU
		{D220A7FE-75B3-4C7A-A791-91A130D79CF5}.Release|Any CPU.Build.0 = Release|Any CPU
		{54352729-4DBF-4A37-8EB7-34FE20630AC8}.Debug|Any CPU.ActiveCfg = Debug|Any CPU
		{54352729-4DBF-4A37-8EB7-34FE20630AC8}.Debug|Any CPU.Build.0 = Debug|Any CPU
		{54352729-4DBF-4A37-8EB7-34FE20630AC8}.Release|Any CPU.ActiveCfg = Release|Any CPU
		{54352729-4DBF-4A37-8EB7-34FE20630AC8}.Release|Any CPU.Build.0 = Release|Any CPU
	EndGlobalSection
	GlobalSection(SolutionProperties) = preSolution
		HideSolutionNode = FALSE
	EndGlobalSection
EndGlobal
